
Microsoft Visual Studio Solution File, Format Version 12.00
# Visual Studio Version 17
VisualStudioVersion = 17.6.33829.357
MinimumVisualStudioVersion = 10.0.40219.1
Project("{FAE04EC0-301F-11D3-BF4B-00C04F79EFBC}") = "Restuarant", "Restuarant\Restuarant.csproj", "{6471472E-F291-443C-BDAD-9E8EC16BC628}"
EndProject
Global
	GlobalSection(SolutionConfigurationPlatforms) = preSolution
		Debug|Any CPU = Debug|Any CPU
		Release|Any CPU = Release|Any CPU
	EndGlobalSection
	GlobalSection(ProjectConfigurationPlatforms) = postSolution
		{6471472E-F291-443C-BDAD-9E8EC16BC628}.Debug|Any CPU.ActiveCfg = Debug|Any CPU
		{6471472E-F291-443C-BDAD-9E8EC16BC628}.Debug|Any CPU.Build.0 = Debug|Any CPU
		{6471472E-F291-443C-BDAD-9E8EC16BC628}.Release|Any CPU.ActiveCfg = Release|Any CPU
		{6471472E-F291-443C-BDAD-9E8EC16BC628}.Release|Any CPU.Build.0 = Release|Any CPU
	EndGlobalSection
	GlobalSection(SolutionProperties) = preSolution
		HideSolutionNode = FALSE
	EndGlobalSection
	GlobalSection(ExtensibilityGlobals) = postSolution
		SolutionGuid = {FE3C00F7-22E4-4EB1-A04A-B7CB130DD7B2}
	EndGlobalSection
EndGlobal
